// !$*UTF8*$!
{
	archiveVersion = 1;
	classes = {
	};
	objectVersion = 46;
	objects = {

/* Begin PBXBuildFile section */
		7D1173701A49966B007A6B86 /* main.m in Sources */ = {isa = PBXBuildFile; fileRef = 7D11736F1A49966B007A6B86 /* main.m */; };
		7D1173731A49966B007A6B86 /* AppDelegate.m in Sources */ = {isa = PBXBuildFile; fileRef = 7D1173721A49966B007A6B86 /* AppDelegate.m */; };
		7D1173761A49966B007A6B86 /* ArchitectureTemplate.xcdatamodeld in Sources */ = {isa = PBXBuildFile; fileRef = 7D1173741A49966B007A6B86 /* ArchitectureTemplate.xcdatamodeld */; };
		7D1173791A49966B007A6B86 /* ListViewController.m in Sources */ = {isa = PBXBuildFile; fileRef = 7D1173781A49966B007A6B86 /* ListViewController.m */; };
		7D11737C1A49966B007A6B86 /* Main.storyboard in Resources */ = {isa = PBXBuildFile; fileRef = 7D11737A1A49966B007A6B86 /* Main.storyboard */; };
		7D11737E1A49966B007A6B86 /* Images.xcassets in Resources */ = {isa = PBXBuildFile; fileRef = 7D11737D1A49966B007A6B86 /* Images.xcassets */; };
		7D1173811A49966B007A6B86 /* LaunchScreen.xib in Resources */ = {isa = PBXBuildFile; fileRef = 7D11737F1A49966B007A6B86 /* LaunchScreen.xib */; };
		7D11738D1A49966C007A6B86 /* ArchitectureTemplateTests.m in Sources */ = {isa = PBXBuildFile; fileRef = 7D11738C1A49966C007A6B86 /* ArchitectureTemplateTests.m */; };
		7D1173A01A499775007A6B86 /* ListViewModel.m in Sources */ = {isa = PBXBuildFile; fileRef = 7D11739F1A499775007A6B86 /* ListViewModel.m */; };
		7D1173A51A499900007A6B86 /* ListPrimarySectionManager.m in Sources */ = {isa = PBXBuildFile; fileRef = 7D1173A41A499900007A6B86 /* ListPrimarySectionManager.m */; };
		7D1173AA1A499A58007A6B86 /* ListSecondarySectionManager.m in Sources */ = {isa = PBXBuildFile; fileRef = 7D1173A91A499A58007A6B86 /* ListSecondarySectionManager.m */; };
		7D8ADA461A499F8B003F2FE9 /* ViewModel.m in Sources */ = {isa = PBXBuildFile; fileRef = 7D8ADA451A499F8B003F2FE9 /* ViewModel.m */; };
		7D8ADA491A499FD6003F2FE9 /* SectionManager.m in Sources */ = {isa = PBXBuildFile; fileRef = 7D8ADA481A499FD6003F2FE9 /* SectionManager.m */; };
		8C7CBC1B1A4A4FE600A4DAFE /* PrimaryCollectionViewCell.m in Sources */ = {isa = PBXBuildFile; fileRef = 8C7CBC191A4A4FE600A4DAFE /* PrimaryCollectionViewCell.m */; };
		8C7CBC1C1A4A4FE600A4DAFE /* PrimaryCollectionViewCell.xib in Resources */ = {isa = PBXBuildFile; fileRef = 8C7CBC1A1A4A4FE600A4DAFE /* PrimaryCollectionViewCell.xib */; };
		8C7CBC291A4A5BD600A4DAFE /* SecondaryCollectionViewCell.m in Sources */ = {isa = PBXBuildFile; fileRef = 8C7CBC271A4A5BD600A4DAFE /* SecondaryCollectionViewCell.m */; };
		8C7CBC2A1A4A5BD600A4DAFE /* SecondaryCollectionViewCell.xib in Resources */ = {isa = PBXBuildFile; fileRef = 8C7CBC281A4A5BD600A4DAFE /* SecondaryCollectionViewCell.xib */; };
		8C7CBC2E1A4A5C9B00A4DAFE /* ExampleDataProvider.m in Sources */ = {isa = PBXBuildFile; fileRef = 8C7CBC2D1A4A5C9B00A4DAFE /* ExampleDataProvider.m */; };
		8C7CBC311A4A5CA700A4DAFE /* APIClient.m in Sources */ = {isa = PBXBuildFile; fileRef = 8C7CBC301A4A5CA700A4DAFE /* APIClient.m */; };
		8C7CBC351A4A7AC200A4DAFE /* DetailViewModel.m in Sources */ = {isa = PBXBuildFile; fileRef = 8C7CBC341A4A7AC200A4DAFE /* DetailViewModel.m */; };
		8C7CBC391A4A7AD800A4DAFE /* DetailViewController.m in Sources */ = {isa = PBXBuildFile; fileRef = 8C7CBC371A4A7AD800A4DAFE /* DetailViewController.m */; };
		8C7CBC3A1A4A7AD800A4DAFE /* DetailViewController.xib in Resources */ = {isa = PBXBuildFile; fileRef = 8C7CBC381A4A7AD800A4DAFE /* DetailViewController.xib */; };
		8C7CBC3D1A4A7B4F00A4DAFE /* DetailBasicInfoSectionManager.m in Sources */ = {isa = PBXBuildFile; fileRef = 8C7CBC3C1A4A7B4F00A4DAFE /* DetailBasicInfoSectionManager.m */; };
		8C7CBC421A4A7B7F00A4DAFE /* DetailExtraInfoSectionManager.m in Sources */ = {isa = PBXBuildFile; fileRef = 8C7CBC411A4A7B7F00A4DAFE /* DetailExtraInfoSectionManager.m */; };
		8C7CBC4C1A4A893100A4DAFE /* DetailCollectionViewCell.m in Sources */ = {isa = PBXBuildFile; fileRef = 8C7CBC4A1A4A893100A4DAFE /* DetailCollectionViewCell.m */; };
		8C7CBC4D1A4A893100A4DAFE /* DetailCollectionViewCell.xib in Resources */ = {isa = PBXBuildFile; fileRef = 8C7CBC4B1A4A893100A4DAFE /* DetailCollectionViewCell.xib */; };
		8C7CBC511A4A8C6100A4DAFE /* Item.m in Sources */ = {isa = PBXBuildFile; fileRef = 8C7CBC501A4A8C6100A4DAFE /* Item.m */; };
		8C7CBC561A4A8EBB00A4DAFE /* CoreDataManager.m in Sources */ = {isa = PBXBuildFile; fileRef = 8C7CBC551A4A8EBB00A4DAFE /* CoreDataManager.m */; };
/* End PBXBuildFile section */

/* Begin PBXContainerItemProxy section */
		7D1173871A49966C007A6B86 /* PBXContainerItemProxy */ = {
			isa = PBXContainerItemProxy;
			containerPortal = 7D1173621A49966B007A6B86 /* Project object */;
			proxyType = 1;
			remoteGlobalIDString = 7D1173691A49966B007A6B86;
			remoteInfo = ArchitectureTemplate;
		};
/* End PBXContainerItemProxy section */

/* Begin PBXFileReference section */
		7D11736A1A49966B007A6B86 /* ArchitectureTemplate.app */ = {isa = PBXFileReference; explicitFileType = wrapper.application; includeInIndex = 0; path = ArchitectureTemplate.app; sourceTree = BUILT_PRODUCTS_DIR; };
		7D11736E1A49966B007A6B86 /* Info.plist */ = {isa = PBXFileReference; lastKnownFileType = text.plist.xml; path = Info.plist; sourceTree = "<group>"; };
		7D11736F1A49966B007A6B86 /* main.m */ = {isa = PBXFileReference; lastKnownFileType = sourcecode.c.objc; path = main.m; sourceTree = "<group>"; };
		7D1173711A49966B007A6B86 /* AppDelegate.h */ = {isa = PBXFileReference; lastKnownFileType = sourcecode.c.h; path = AppDelegate.h; sourceTree = "<group>"; };
		7D1173721A49966B007A6B86 /* AppDelegate.m */ = {isa = PBXFileReference; lastKnownFileType = sourcecode.c.objc; path = AppDelegate.m; sourceTree = "<group>"; };
		7D1173751A49966B007A6B86 /* ArchitectureTemplate.xcdatamodel */ = {isa = PBXFileReference; lastKnownFileType = wrapper.xcdatamodel; path = ArchitectureTemplate.xcdatamodel; sourceTree = "<group>"; };
		7D1173771A49966B007A6B86 /* ListViewController.h */ = {isa = PBXFileReference; lastKnownFileType = sourcecode.c.h; path = ListViewController.h; sourceTree = "<group>"; };
		7D1173781A49966B007A6B86 /* ListViewController.m */ = {isa = PBXFileReference; lastKnownFileType = sourcecode.c.objc; path = ListViewController.m; sourceTree = "<group>"; };
		7D11737B1A49966B007A6B86 /* Base */ = {isa = PBXFileReference; lastKnownFileType = file.storyboard; name = Base; path = Base.lproj/Main.storyboard; sourceTree = "<group>"; };
		7D11737D1A49966B007A6B86 /* Images.xcassets */ = {isa = PBXFileReference; lastKnownFileType = folder.assetcatalog; path = Images.xcassets; sourceTree = "<group>"; };
		7D1173801A49966B007A6B86 /* Base */ = {isa = PBXFileReference; lastKnownFileType = file.xib; name = Base; path = Base.lproj/LaunchScreen.xib; sourceTree = "<group>"; };
		7D1173861A49966C007A6B86 /* ArchitectureTemplateTests.xctest */ = {isa = PBXFileReference; explicitFileType = wrapper.cfbundle; includeInIndex = 0; path = ArchitectureTemplateTests.xctest; sourceTree = BUILT_PRODUCTS_DIR; };
		7D11738B1A49966C007A6B86 /* Info.plist */ = {isa = PBXFileReference; lastKnownFileType = text.plist.xml; path = Info.plist; sourceTree = "<group>"; };
		7D11738C1A49966C007A6B86 /* ArchitectureTemplateTests.m */ = {isa = PBXFileReference; lastKnownFileType = sourcecode.c.objc; path = ArchitectureTemplateTests.m; sourceTree = "<group>"; };
		7D11739E1A499775007A6B86 /* ListViewModel.h */ = {isa = PBXFileReference; fileEncoding = 4; lastKnownFileType = sourcecode.c.h; path = ListViewModel.h; sourceTree = "<group>"; };
		7D11739F1A499775007A6B86 /* ListViewModel.m */ = {isa = PBXFileReference; fileEncoding = 4; lastKnownFileType = sourcecode.c.objc; path = ListViewModel.m; sourceTree = "<group>"; };
		7D1173A31A499900007A6B86 /* ListPrimarySectionManager.h */ = {isa = PBXFileReference; fileEncoding = 4; lastKnownFileType = sourcecode.c.h; path = ListPrimarySectionManager.h; sourceTree = "<group>"; };
		7D1173A41A499900007A6B86 /* ListPrimarySectionManager.m */ = {isa = PBXFileReference; fileEncoding = 4; lastKnownFileType = sourcecode.c.objc; path = ListPrimarySectionManager.m; sourceTree = "<group>"; };
		7D1173A81A499A58007A6B86 /* ListSecondarySectionManager.h */ = {isa = PBXFileReference; fileEncoding = 4; lastKnownFileType = sourcecode.c.h; path = ListSecondarySectionManager.h; sourceTree = "<group>"; };
		7D1173A91A499A58007A6B86 /* ListSecondarySectionManager.m */ = {isa = PBXFileReference; fileEncoding = 4; lastKnownFileType = sourcecode.c.objc; path = ListSecondarySectionManager.m; sourceTree = "<group>"; };
		7D8ADA441A499F8B003F2FE9 /* ViewModel.h */ = {isa = PBXFileReference; fileEncoding = 4; lastKnownFileType = sourcecode.c.h; path = ViewModel.h; sourceTree = "<group>"; };
		7D8ADA451A499F8B003F2FE9 /* ViewModel.m */ = {isa = PBXFileReference; fileEncoding = 4; lastKnownFileType = sourcecode.c.objc; path = ViewModel.m; sourceTree = "<group>"; };
		7D8ADA471A499FD6003F2FE9 /* SectionManager.h */ = {isa = PBXFileReference; fileEncoding = 4; lastKnownFileType = sourcecode.c.h; path = SectionManager.h; sourceTree = "<group>"; };
		7D8ADA481A499FD6003F2FE9 /* SectionManager.m */ = {isa = PBXFileReference; fileEncoding = 4; lastKnownFileType = sourcecode.c.objc; path = SectionManager.m; sourceTree = "<group>"; };
		8C7CBC181A4A4FE600A4DAFE /* PrimaryCollectionViewCell.h */ = {isa = PBXFileReference; fileEncoding = 4; lastKnownFileType = sourcecode.c.h; path = PrimaryCollectionViewCell.h; sourceTree = "<group>"; };
		8C7CBC191A4A4FE600A4DAFE /* PrimaryCollectionViewCell.m */ = {isa = PBXFileReference; fileEncoding = 4; lastKnownFileType = sourcecode.c.objc; path = PrimaryCollectionViewCell.m; sourceTree = "<group>"; };
		8C7CBC1A1A4A4FE600A4DAFE /* PrimaryCollectionViewCell.xib */ = {isa = PBXFileReference; fileEncoding = 4; lastKnownFileType = file.xib; path = PrimaryCollectionViewCell.xib; sourceTree = "<group>"; };
		8C7CBC261A4A5BD600A4DAFE /* SecondaryCollectionViewCell.h */ = {isa = PBXFileReference; fileEncoding = 4; lastKnownFileType = sourcecode.c.h; path = SecondaryCollectionViewCell.h; sourceTree = "<group>"; };
		8C7CBC271A4A5BD600A4DAFE /* SecondaryCollectionViewCell.m */ = {isa = PBXFileReference; fileEncoding = 4; lastKnownFileType = sourcecode.c.objc; path = SecondaryCollectionViewCell.m; sourceTree = "<group>"; };
		8C7CBC281A4A5BD600A4DAFE /* SecondaryCollectionViewCell.xib */ = {isa = PBXFileReference; fileEncoding = 4; lastKnownFileType = file.xib; path = SecondaryCollectionViewCell.xib; sourceTree = "<group>"; };
		8C7CBC2C1A4A5C9B00A4DAFE /* ExampleDataProvider.h */ = {isa = PBXFileReference; fileEncoding = 4; lastKnownFileType = sourcecode.c.h; path = ExampleDataProvider.h; sourceTree = "<group>"; };
		8C7CBC2D1A4A5C9B00A4DAFE /* ExampleDataProvider.m */ = {isa = PBXFileReference; fileEncoding = 4; lastKnownFileType = sourcecode.c.objc; path = ExampleDataProvider.m; sourceTree = "<group>"; };
		8C7CBC2F1A4A5CA700A4DAFE /* APIClient.h */ = {isa = PBXFileReference; fileEncoding = 4; lastKnownFileType = sourcecode.c.h; path = APIClient.h; sourceTree = "<group>"; };
		8C7CBC301A4A5CA700A4DAFE /* APIClient.m */ = {isa = PBXFileReference; fileEncoding = 4; lastKnownFileType = sourcecode.c.objc; path = APIClient.m; sourceTree = "<group>"; };
		8C7CBC331A4A7AC200A4DAFE /* DetailViewModel.h */ = {isa = PBXFileReference; fileEncoding = 4; lastKnownFileType = sourcecode.c.h; path = DetailViewModel.h; sourceTree = "<group>"; };
		8C7CBC341A4A7AC200A4DAFE /* DetailViewModel.m */ = {isa = PBXFileReference; fileEncoding = 4; lastKnownFileType = sourcecode.c.objc; path = DetailViewModel.m; sourceTree = "<group>"; };
		8C7CBC361A4A7AD800A4DAFE /* DetailViewController.h */ = {isa = PBXFileReference; fileEncoding = 4; lastKnownFileType = sourcecode.c.h; path = DetailViewController.h; sourceTree = "<group>"; };
		8C7CBC371A4A7AD800A4DAFE /* DetailViewController.m */ = {isa = PBXFileReference; fileEncoding = 4; lastKnownFileType = sourcecode.c.objc; path = DetailViewController.m; sourceTree = "<group>"; };
		8C7CBC381A4A7AD800A4DAFE /* DetailViewController.xib */ = {isa = PBXFileReference; fileEncoding = 4; lastKnownFileType = file.xib; path = DetailViewController.xib; sourceTree = "<group>"; };
		8C7CBC3B1A4A7B4F00A4DAFE /* DetailBasicInfoSectionManager.h */ = {isa = PBXFileReference; fileEncoding = 4; lastKnownFileType = sourcecode.c.h; path = DetailBasicInfoSectionManager.h; sourceTree = "<group>"; };
		8C7CBC3C1A4A7B4F00A4DAFE /* DetailBasicInfoSectionManager.m */ = {isa = PBXFileReference; fileEncoding = 4; lastKnownFileType = sourcecode.c.objc; path = DetailBasicInfoSectionManager.m; sourceTree = "<group>"; };
		8C7CBC401A4A7B7F00A4DAFE /* DetailExtraInfoSectionManager.h */ = {isa = PBXFileReference; fileEncoding = 4; lastKnownFileType = sourcecode.c.h; path = DetailExtraInfoSectionManager.h; sourceTree = "<group>"; };
		8C7CBC411A4A7B7F00A4DAFE /* DetailExtraInfoSectionManager.m */ = {isa = PBXFileReference; fileEncoding = 4; lastKnownFileType = sourcecode.c.objc; path = DetailExtraInfoSectionManager.m; sourceTree = "<group>"; };
		8C7CBC491A4A893100A4DAFE /* DetailCollectionViewCell.h */ = {isa = PBXFileReference; fileEncoding = 4; lastKnownFileType = sourcecode.c.h; path = DetailCollectionViewCell.h; sourceTree = "<group>"; };
		8C7CBC4A1A4A893100A4DAFE /* DetailCollectionViewCell.m */ = {isa = PBXFileReference; fileEncoding = 4; lastKnownFileType = sourcecode.c.objc; path = DetailCollectionViewCell.m; sourceTree = "<group>"; };
		8C7CBC4B1A4A893100A4DAFE /* DetailCollectionViewCell.xib */ = {isa = PBXFileReference; fileEncoding = 4; lastKnownFileType = file.xib; path = DetailCollectionViewCell.xib; sourceTree = "<group>"; };
		8C7CBC4F1A4A8C6100A4DAFE /* Item.h */ = {isa = PBXFileReference; fileEncoding = 4; lastKnownFileType = sourcecode.c.h; path = Item.h; sourceTree = "<group>"; };
		8C7CBC501A4A8C6100A4DAFE /* Item.m */ = {isa = PBXFileReference; fileEncoding = 4; lastKnownFileType = sourcecode.c.objc; path = Item.m; sourceTree = "<group>"; };
		8C7CBC541A4A8EBB00A4DAFE /* CoreDataManager.h */ = {isa = PBXFileReference; fileEncoding = 4; lastKnownFileType = sourcecode.c.h; path = CoreDataManager.h; sourceTree = "<group>"; };
		8C7CBC551A4A8EBB00A4DAFE /* CoreDataManager.m */ = {isa = PBXFileReference; fileEncoding = 4; lastKnownFileType = sourcecode.c.objc; path = CoreDataManager.m; sourceTree = "<group>"; };
/* End PBXFileReference section */

/* Begin PBXFrameworksBuildPhase section */
		7D1173671A49966B007A6B86 /* Frameworks */ = {
			isa = PBXFrameworksBuildPhase;
			buildActionMask = 2147483647;
			files = (
			);
			runOnlyForDeploymentPostprocessing = 0;
		};
		7D1173831A49966C007A6B86 /* Frameworks */ = {
			isa = PBXFrameworksBuildPhase;
			buildActionMask = 2147483647;
			files = (
			);
			runOnlyForDeploymentPostprocessing = 0;
		};
/* End PBXFrameworksBuildPhase section */

/* Begin PBXGroup section */
		7D1173611A49966B007A6B86 = {
			isa = PBXGroup;
			children = (
				7D11736C1A49966B007A6B86 /* ArchitectureTemplate */,
				7D1173891A49966C007A6B86 /* ArchitectureTemplateTests */,
				7D11736B1A49966B007A6B86 /* Products */,
			);
			sourceTree = "<group>";
		};
		7D11736B1A49966B007A6B86 /* Products */ = {
			isa = PBXGroup;
			children = (
				7D11736A1A49966B007A6B86 /* ArchitectureTemplate.app */,
				7D1173861A49966C007A6B86 /* ArchitectureTemplateTests.xctest */,
			);
			name = Products;
			sourceTree = "<group>";
		};
		7D11736C1A49966B007A6B86 /* ArchitectureTemplate */ = {
			isa = PBXGroup;
			children = (
				7D1173711A49966B007A6B86 /* AppDelegate.h */,
				7D1173721A49966B007A6B86 /* AppDelegate.m */,
				7D1173961A4996BD007A6B86 /* Classes */,
				7D11737A1A49966B007A6B86 /* Main.storyboard */,
				7D11737D1A49966B007A6B86 /* Images.xcassets */,
				7D11737F1A49966B007A6B86 /* LaunchScreen.xib */,
				7D1173741A49966B007A6B86 /* ArchitectureTemplate.xcdatamodeld */,
				7D11736D1A49966B007A6B86 /* Supporting Files */,
			);
			path = ArchitectureTemplate;
			sourceTree = "<group>";
		};
		7D11736D1A49966B007A6B86 /* Supporting Files */ = {
			isa = PBXGroup;
			children = (
				7D11736E1A49966B007A6B86 /* Info.plist */,
				7D11736F1A49966B007A6B86 /* main.m */,
			);
			name = "Supporting Files";
			sourceTree = "<group>";
		};
		7D1173891A49966C007A6B86 /* ArchitectureTemplateTests */ = {
			isa = PBXGroup;
			children = (
				7D11738C1A49966C007A6B86 /* ArchitectureTemplateTests.m */,
				7D11738A1A49966C007A6B86 /* Supporting Files */,
			);
			path = ArchitectureTemplateTests;
			sourceTree = "<group>";
		};
		7D11738A1A49966C007A6B86 /* Supporting Files */ = {
			isa = PBXGroup;
			children = (
				7D11738B1A49966C007A6B86 /* Info.plist */,
			);
			name = "Supporting Files";
			sourceTree = "<group>";
		};
		7D1173961A4996BD007A6B86 /* Classes */ = {
			isa = PBXGroup;
			children = (
				8C7CBC4E1A4A8C4F00A4DAFE /* Models */,
				8C7CBC2B1A4A5C7E00A4DAFE /* Data Providers */,
				7D11739D1A499759007A6B86 /* Base classes */,
				7D1173971A4996C8007A6B86 /* List */,
				8C7CBC231A4A59D400A4DAFE /* Detail */,
			);
			name = Classes;
			sourceTree = "<group>";
		};
		7D1173971A4996C8007A6B86 /* List */ = {
			isa = PBXGroup;
			children = (
				7D1173981A4996CF007A6B86 /* View Model */,
				8C7CBC521A4A8D6700A4DAFE /* View Controller */,
				7D1173A11A4998A1007A6B86 /* Sections */,
			);
			name = List;
			sourceTree = "<group>";
		};
		7D1173981A4996CF007A6B86 /* View Model */ = {
			isa = PBXGroup;
			children = (
				7D11739E1A499775007A6B86 /* ListViewModel.h */,
				7D11739F1A499775007A6B86 /* ListViewModel.m */,
			);
			name = "View Model";
			sourceTree = "<group>";
		};
		7D11739D1A499759007A6B86 /* Base classes */ = {
			isa = PBXGroup;
			children = (
				7D8ADA441A499F8B003F2FE9 /* ViewModel.h */,
				7D8ADA451A499F8B003F2FE9 /* ViewModel.m */,
				7D8ADA471A499FD6003F2FE9 /* SectionManager.h */,
				7D8ADA481A499FD6003F2FE9 /* SectionManager.m */,
			);
			name = "Base classes";
			sourceTree = "<group>";
		};
		7D1173A11A4998A1007A6B86 /* Sections */ = {
			isa = PBXGroup;
			children = (
				7D1173A61A499A3B007A6B86 /* Main Section */,
				7D1173A71A499A43007A6B86 /* Secondary Section */,
			);
			name = Sections;
			sourceTree = "<group>";
		};
		7D1173A61A499A3B007A6B86 /* Main Section */ = {
			isa = PBXGroup;
			children = (
				7D1173A31A499900007A6B86 /* ListPrimarySectionManager.h */,
				7D1173A41A499900007A6B86 /* ListPrimarySectionManager.m */,
				8C7CBC171A4A4FC600A4DAFE /* Cells */,
			);
			name = "Main Section";
			sourceTree = "<group>";
		};
		7D1173A71A499A43007A6B86 /* Secondary Section */ = {
			isa = PBXGroup;
			children = (
				7D1173A81A499A58007A6B86 /* ListSecondarySectionManager.h */,
				7D1173A91A499A58007A6B86 /* ListSecondarySectionManager.m */,
				8C7CBC1D1A4A510300A4DAFE /* Cells */,
			);
			name = "Secondary Section";
			sourceTree = "<group>";
		};
		8C7CBC171A4A4FC600A4DAFE /* Cells */ = {
			isa = PBXGroup;
			children = (
				8C7CBC181A4A4FE600A4DAFE /* PrimaryCollectionViewCell.h */,
				8C7CBC191A4A4FE600A4DAFE /* PrimaryCollectionViewCell.m */,
				8C7CBC1A1A4A4FE600A4DAFE /* PrimaryCollectionViewCell.xib */,
			);
			name = Cells;
			sourceTree = "<group>";
		};
		8C7CBC1D1A4A510300A4DAFE /* Cells */ = {
			isa = PBXGroup;
			children = (
				8C7CBC261A4A5BD600A4DAFE /* SecondaryCollectionViewCell.h */,
				8C7CBC271A4A5BD600A4DAFE /* SecondaryCollectionViewCell.m */,
				8C7CBC281A4A5BD600A4DAFE /* SecondaryCollectionViewCell.xib */,
			);
			name = Cells;
			sourceTree = "<group>";
		};
		8C7CBC231A4A59D400A4DAFE /* Detail */ = {
			isa = PBXGroup;
			children = (
				8C7CBC241A4A59E700A4DAFE /* View Model */,
				8C7CBC531A4A8D7500A4DAFE /* View Controller */,
				8C7CBC251A4A59F100A4DAFE /* Sections */,
			);
			name = Detail;
			sourceTree = "<group>";
		};
		8C7CBC241A4A59E700A4DAFE /* View Model */ = {
			isa = PBXGroup;
			children = (
				8C7CBC331A4A7AC200A4DAFE /* DetailViewModel.h */,
				8C7CBC341A4A7AC200A4DAFE /* DetailViewModel.m */,
			);
			name = "View Model";
			sourceTree = "<group>";
		};
		8C7CBC251A4A59F100A4DAFE /* Sections */ = {
			isa = PBXGroup;
			children = (
				8C7CBC431A4A7B9000A4DAFE /* Cells (shared) */,
				8C7CBC3E1A4A7B5300A4DAFE /* Basic Info */,
				8C7CBC3F1A4A7B5B00A4DAFE /* Extra Info */,
			);
			name = Sections;
			sourceTree = "<group>";
		};
		8C7CBC2B1A4A5C7E00A4DAFE /* Data Providers */ = {
			isa = PBXGroup;
			children = (
				8C7CBC321A4A5CAC00A4DAFE /* APIClient */,
				8C7CBC2C1A4A5C9B00A4DAFE /* ExampleDataProvider.h */,
				8C7CBC2D1A4A5C9B00A4DAFE /* ExampleDataProvider.m */,
			);
			name = "Data Providers";
			sourceTree = "<group>";
		};
		8C7CBC321A4A5CAC00A4DAFE /* APIClient */ = {
			isa = PBXGroup;
			children = (
				8C7CBC2F1A4A5CA700A4DAFE /* APIClient.h */,
				8C7CBC301A4A5CA700A4DAFE /* APIClient.m */,
			);
			name = APIClient;
			sourceTree = "<group>";
		};
		8C7CBC3E1A4A7B5300A4DAFE /* Basic Info */ = {
			isa = PBXGroup;
			children = (
				8C7CBC3B1A4A7B4F00A4DAFE /* DetailBasicInfoSectionManager.h */,
				8C7CBC3C1A4A7B4F00A4DAFE /* DetailBasicInfoSectionManager.m */,
			);
			name = "Basic Info";
			sourceTree = "<group>";
		};
		8C7CBC3F1A4A7B5B00A4DAFE /* Extra Info */ = {
			isa = PBXGroup;
			children = (
				8C7CBC401A4A7B7F00A4DAFE /* DetailExtraInfoSectionManager.h */,
				8C7CBC411A4A7B7F00A4DAFE /* DetailExtraInfoSectionManager.m */,
			);
			name = "Extra Info";
			sourceTree = "<group>";
		};
		8C7CBC431A4A7B9000A4DAFE /* Cells (shared) */ = {
			isa = PBXGroup;
			children = (
				8C7CBC491A4A893100A4DAFE /* DetailCollectionViewCell.h */,
				8C7CBC4A1A4A893100A4DAFE /* DetailCollectionViewCell.m */,
				8C7CBC4B1A4A893100A4DAFE /* DetailCollectionViewCell.xib */,
			);
			name = "Cells (shared)";
			sourceTree = "<group>";
		};
		8C7CBC4E1A4A8C4F00A4DAFE /* Models */ = {
			isa = PBXGroup;
			children = (
				8C7CBC4F1A4A8C6100A4DAFE /* Item.h */,
				8C7CBC501A4A8C6100A4DAFE /* Item.m */,
				8C7CBC541A4A8EBB00A4DAFE /* CoreDataManager.h */,
				8C7CBC551A4A8EBB00A4DAFE /* CoreDataManager.m */,
			);
			name = Models;
			sourceTree = "<group>";
		};
		8C7CBC521A4A8D6700A4DAFE /* View Controller */ = {
			isa = PBXGroup;
			children = (
				7D1173771A49966B007A6B86 /* ListViewController.h */,
				7D1173781A49966B007A6B86 /* ListViewController.m */,
			);
			name = "View Controller";
			sourceTree = "<group>";
		};
		8C7CBC531A4A8D7500A4DAFE /* View Controller */ = {
			isa = PBXGroup;
			children = (
				8C7CBC361A4A7AD800A4DAFE /* DetailViewController.h */,
				8C7CBC371A4A7AD800A4DAFE /* DetailViewController.m */,
				8C7CBC381A4A7AD800A4DAFE /* DetailViewController.xib */,
			);
			name = "View Controller";
			sourceTree = "<group>";
		};
/* End PBXGroup section */

/* Begin PBXNativeTarget section */
		7D1173691A49966B007A6B86 /* ArchitectureTemplate */ = {
			isa = PBXNativeTarget;
			buildConfigurationList = 7D1173901A49966C007A6B86 /* Build configuration list for PBXNativeTarget "ArchitectureTemplate" */;
			buildPhases = (
				7D1173661A49966B007A6B86 /* Sources */,
				7D1173671A49966B007A6B86 /* Frameworks */,
				7D1173681A49966B007A6B86 /* Resources */,
			);
			buildRules = (
			);
			dependencies = (
			);
			name = ArchitectureTemplate;
			productName = ArchitectureTemplate;
			productReference = 7D11736A1A49966B007A6B86 /* ArchitectureTemplate.app */;
			productType = "com.apple.product-type.application";
		};
		7D1173851A49966C007A6B86 /* ArchitectureTemplateTests */ = {
			isa = PBXNativeTarget;
			buildConfigurationList = 7D1173931A49966C007A6B86 /* Build configuration list for PBXNativeTarget "ArchitectureTemplateTests" */;
			buildPhases = (
				7D1173821A49966C007A6B86 /* Sources */,
				7D1173831A49966C007A6B86 /* Frameworks */,
				7D1173841A49966C007A6B86 /* Resources */,
			);
			buildRules = (
			);
			dependencies = (
				7D1173881A49966C007A6B86 /* PBXTargetDependency */,
			);
			name = ArchitectureTemplateTests;
			productName = ArchitectureTemplateTests;
			productReference = 7D1173861A49966C007A6B86 /* ArchitectureTemplateTests.xctest */;
			productType = "com.apple.product-type.bundle.unit-test";
		};
/* End PBXNativeTarget section */

/* Begin PBXProject section */
		7D1173621A49966B007A6B86 /* Project object */ = {
			isa = PBXProject;
			attributes = {
				LastUpgradeCheck = 0600;
				ORGANIZATIONNAME = "James Kelly";
				TargetAttributes = {
					7D1173691A49966B007A6B86 = {
						CreatedOnToolsVersion = 6.0;
					};
					7D1173851A49966C007A6B86 = {
						CreatedOnToolsVersion = 6.0;
						TestTargetID = 7D1173691A49966B007A6B86;
					};
				};
			};
			buildConfigurationList = 7D1173651A49966B007A6B86 /* Build configuration list for PBXProject "ArchitectureTemplate" */;
			compatibilityVersion = "Xcode 3.2";
			developmentRegion = English;
			hasScannedForEncodings = 0;
			knownRegions = (
				en,
				Base,
			);
			mainGroup = 7D1173611A49966B007A6B86;
			productRefGroup = 7D11736B1A49966B007A6B86 /* Products */;
			projectDirPath = "";
			projectRoot = "";
			targets = (
				7D1173691A49966B007A6B86 /* ArchitectureTemplate */,
				7D1173851A49966C007A6B86 /* ArchitectureTemplateTests */,
			);
		};
/* End PBXProject section */

/* Begin PBXResourcesBuildPhase section */
		7D1173681A49966B007A6B86 /* Resources */ = {
			isa = PBXResourcesBuildPhase;
			buildActionMask = 2147483647;
			files = (
				7D11737C1A49966B007A6B86 /* Main.storyboard in Resources */,
				8C7CBC4D1A4A893100A4DAFE /* DetailCollectionViewCell.xib in Resources */,
				8C7CBC3A1A4A7AD800A4DAFE /* DetailViewController.xib in Resources */,
				8C7CBC2A1A4A5BD600A4DAFE /* SecondaryCollectionViewCell.xib in Resources */,
				8C7CBC1C1A4A4FE600A4DAFE /* PrimaryCollectionViewCell.xib in Resources */,
				7D1173811A49966B007A6B86 /* LaunchScreen.xib in Resources */,
				7D11737E1A49966B007A6B86 /* Images.xcassets in Resources */,
			);
			runOnlyForDeploymentPostprocessing = 0;
		};
		7D1173841A49966C007A6B86 /* Resources */ = {
			isa = PBXResourcesBuildPhase;
			buildActionMask = 2147483647;
			files = (
			);
			runOnlyForDeploymentPostprocessing = 0;
		};
/* End PBXResourcesBuildPhase section */

/* Begin PBXSourcesBuildPhase section */
		7D1173661A49966B007A6B86 /* Sources */ = {
			isa = PBXSourcesBuildPhase;
			buildActionMask = 2147483647;
			files = (
				8C7CBC291A4A5BD600A4DAFE /* SecondaryCollectionViewCell.m in Sources */,
				8C7CBC2E1A4A5C9B00A4DAFE /* ExampleDataProvider.m in Sources */,
				8C7CBC561A4A8EBB00A4DAFE /* CoreDataManager.m in Sources */,
				8C7CBC421A4A7B7F00A4DAFE /* DetailExtraInfoSectionManager.m in Sources */,
				7D1173731A49966B007A6B86 /* AppDelegate.m in Sources */,
				8C7CBC351A4A7AC200A4DAFE /* DetailViewModel.m in Sources */,
				7D8ADA491A499FD6003F2FE9 /* SectionManager.m in Sources */,
				8C7CBC391A4A7AD800A4DAFE /* DetailViewController.m in Sources */,
				7D8ADA461A499F8B003F2FE9 /* ViewModel.m in Sources */,
				7D1173701A49966B007A6B86 /* main.m in Sources */,
				7D1173791A49966B007A6B86 /* ListViewController.m in Sources */,
				8C7CBC1B1A4A4FE600A4DAFE /* PrimaryCollectionViewCell.m in Sources */,
				7D1173761A49966B007A6B86 /* ArchitectureTemplate.xcdatamodeld in Sources */,
				8C7CBC511A4A8C6100A4DAFE /* Item.m in Sources */,
				8C7CBC3D1A4A7B4F00A4DAFE /* DetailBasicInfoSectionManager.m in Sources */,
				7D1173A51A499900007A6B86 /* ListPrimarySectionManager.m in Sources */,
				8C7CBC311A4A5CA700A4DAFE /* APIClient.m in Sources */,
				8C7CBC4C1A4A893100A4DAFE /* DetailCollectionViewCell.m in Sources */,
				7D1173A01A499775007A6B86 /* ListViewModel.m in Sources */,
				7D1173AA1A499A58007A6B86 /* ListSecondarySectionManager.m in Sources */,
			);
			runOnlyForDeploymentPostprocessing = 0;
		};
		7D1173821A49966C007A6B86 /* Sources */ = {
			isa = PBXSourcesBuildPhase;
			buildActionMask = 2147483647;
			files = (
				7D11738D1A49966C007A6B86 /* ArchitectureTemplateTests.m in Sources */,
			);
			runOnlyForDeploymentPostprocessing = 0;
		};
/* End PBXSourcesBuildPhase section */

/* Begin PBXTargetDependency section */
		7D1173881A49966C007A6B86 /* PBXTargetDependency */ = {
			isa = PBXTargetDependency;
			target = 7D1173691A49966B007A6B86 /* ArchitectureTemplate */;
			targetProxy = 7D1173871A49966C007A6B86 /* PBXContainerItemProxy */;
		};
/* End PBXTargetDependency section */

/* Begin PBXVariantGroup section */
		7D11737A1A49966B007A6B86 /* Main.storyboard */ = {
			isa = PBXVariantGroup;
			children = (
				7D11737B1A49966B007A6B86 /* Base */,
			);
			name = Main.storyboard;
			sourceTree = "<group>";
		};
		7D11737F1A49966B007A6B86 /* LaunchScreen.xib */ = {
			isa = PBXVariantGroup;
			children = (
				7D1173801A49966B007A6B86 /* Base */,
			);
			name = LaunchScreen.xib;
			sourceTree = "<group>";
		};
/* End PBXVariantGroup section */

/* Begin XCBuildConfiguration section */
		7D11738E1A49966C007A6B86 /* Debug */ = {
			isa = XCBuildConfiguration;
			buildSettings = {
				ALWAYS_SEARCH_USER_PATHS = NO;
				CLANG_CXX_LANGUAGE_STANDARD = "gnu++0x";
				CLANG_CXX_LIBRARY = "libc++";
				CLANG_ENABLE_MODULES = YES;
				CLANG_ENABLE_OBJC_ARC = YES;
				CLANG_WARN_BOOL_CONVERSION = YES;
				CLANG_WARN_CONSTANT_CONVERSION = YES;
				CLANG_WARN_DIRECT_OBJC_ISA_USAGE = YES_ERROR;
				CLANG_WARN_EMPTY_BODY = YES;
				CLANG_WARN_ENUM_CONVERSION = YES;
				CLANG_WARN_INT_CONVERSION = YES;
				CLANG_WARN_OBJC_ROOT_CLASS = YES_ERROR;
				CLANG_WARN_UNREACHABLE_CODE = YES;
				CLANG_WARN__DUPLICATE_METHOD_MATCH = YES;
				"CODE_SIGN_IDENTITY[sdk=iphoneos*]" = "iPhone Developer";
				COPY_PHASE_STRIP = NO;
				ENABLE_STRICT_OBJC_MSGSEND = YES;
				GCC_C_LANGUAGE_STANDARD = gnu99;
				GCC_DYNAMIC_NO_PIC = NO;
				GCC_OPTIMIZATION_LEVEL = 0;
				GCC_PREPROCESSOR_DEFINITIONS = (
					"DEBUG=1",
					"$(inherited)",
				);
				GCC_SYMBOLS_PRIVATE_EXTERN = NO;
				GCC_WARN_64_TO_32_BIT_CONVERSION = YES;
				GCC_WARN_ABOUT_RETURN_TYPE = YES_ERROR;
				GCC_WARN_UNDECLARED_SELECTOR = YES;
				GCC_WARN_UNINITIALIZED_AUTOS = YES_AGGRESSIVE;
				GCC_WARN_UNUSED_FUNCTION = YES;
				GCC_WARN_UNUSED_VARIABLE = YES;
				IPHONEOS_DEPLOYMENT_TARGET = 8.0;
				MTL_ENABLE_DEBUG_INFO = YES;
				ONLY_ACTIVE_ARCH = YES;
				SDKROOT = iphoneos;
			};
			name = Debug;
		};
		7D11738F1A49966C007A6B86 /* Release */ = {
			isa = XCBuildConfiguration;
			buildSettings = {
				ALWAYS_SEARCH_USER_PATHS = NO;
				CLANG_CXX_LANGUAGE_STANDARD = "gnu++0x";
				CLANG_CXX_LIBRARY = "libc++";
				CLANG_ENABLE_MODULES = YES;
				CLANG_ENABLE_OBJC_ARC = YES;
				CLANG_WARN_BOOL_CONVERSION = YES;
				CLANG_WARN_CONSTANT_CONVERSION = YES;
				CLANG_WARN_DIRECT_OBJC_ISA_USAGE = YES_ERROR;
				CLANG_WARN_EMPTY_BODY = YES;
				CLANG_WARN_ENUM_CONVERSION = YES;
				CLANG_WARN_INT_CONVERSION = YES;
				CLANG_WARN_OBJC_ROOT_CLASS = YES_ERROR;
				CLANG_WARN_UNREACHABLE_CODE = YES;
				CLANG_WARN__DUPLICATE_METHOD_MATCH = YES;
				"CODE_SIGN_IDENTITY[sdk=iphoneos*]" = "iPhone Developer";
				COPY_PHASE_STRIP = YES;
				ENABLE_NS_ASSERTIONS = NO;
				ENABLE_STRICT_OBJC_MSGSEND = YES;
				GCC_C_LANGUAGE_STANDARD = gnu99;
				GCC_WARN_64_TO_32_BIT_CONVERSION = YES;
				GCC_WARN_ABOUT_RETURN_TYPE = YES_ERROR;
				GCC_WARN_UNDECLARED_SELECTOR = YES;
				GCC_WARN_UNINITIALIZED_AUTOS = YES_AGGRESSIVE;
				GCC_WARN_UNUSED_FUNCTION = YES;
				GCC_WARN_UNUSED_VARIABLE = YES;
				IPHONEOS_DEPLOYMENT_TARGET = 8.0;
				MTL_ENABLE_DEBUG_INFO = NO;
				SDKROOT = iphoneos;
				VALIDATE_PRODUCT = YES;
			};
			name = Release;
		};
		7D1173911A49966C007A6B86 /* Debug */ = {
			isa = XCBuildConfiguration;
			buildSettings = {
				ASSETCATALOG_COMPILER_APPICON_NAME = AppIcon;
				INFOPLIST_FILE = ArchitectureTemplate/Info.plist;
				LD_RUNPATH_SEARCH_PATHS = "$(inherited) @executable_path/Frameworks";
				PRODUCT_NAME = "$(TARGET_NAME)";
			};
			name = Debug;
		};
		7D1173921A49966C007A6B86 /* Release */ = {
			isa = XCBuildConfiguration;
			buildSettings = {
				ASSETCATALOG_COMPILER_APPICON_NAME = AppIcon;
				INFOPLIST_FILE = ArchitectureTemplate/Info.plist;
				LD_RUNPATH_SEARCH_PATHS = "$(inherited) @executable_path/Frameworks";
				PRODUCT_NAME = "$(TARGET_NAME)";
			};
			name = Release;
		};
		7D1173941A49966C007A6B86 /* Debug */ = {
			isa = XCBuildConfiguration;
			buildSettings = {
				BUNDLE_LOADER = "$(TEST_HOST)";
				FRAMEWORK_SEARCH_PATHS = (
					"$(SDKROOT)/Developer/Library/Frameworks",
					"$(inherited)",
				);
				GCC_PREPROCESSOR_DEFINITIONS = (
					"DEBUG=1",
					"$(inherited)",
				);
				INFOPLIST_FILE = ArchitectureTemplateTests/Info.plist;
				LD_RUNPATH_SEARCH_PATHS = "$(inherited) @executable_path/Frameworks @loader_path/Frameworks";
				PRODUCT_NAME = "$(TARGET_NAME)";
				TEST_HOST = "$(BUILT_PRODUCTS_DIR)/ArchitectureTemplate.app/ArchitectureTemplate";
			};
			name = Debug;
		};
		7D1173951A49966C007A6B86 /* Release */ = {
			isa = XCBuildConfiguration;
			buildSettings = {
				BUNDLE_LOADER = "$(TEST_HOST)";
				FRAMEWORK_SEARCH_PATHS = (
					"$(SDKROOT)/Developer/Library/Frameworks",
					"$(inherited)",
				);
				INFOPLIST_FILE = ArchitectureTemplateTests/Info.plist;
				LD_RUNPATH_SEARCH_PATHS = "$(inherited) @executable_path/Frameworks @loader_path/Frameworks";
				PRODUCT_NAME = "$(TARGET_NAME)";
				TEST_HOST = "$(BUILT_PRODUCTS_DIR)/ArchitectureTemplate.app/ArchitectureTemplate";
			};
			name = Release;
		};
/* End XCBuildConfiguration section */

/* Begin XCConfigurationList section */
		7D1173651A49966B007A6B86 /* Build configuration list for PBXProject "ArchitectureTemplate" */ = {
			isa = XCConfigurationList;
			buildConfigurations = (
				7D11738E1A49966C007A6B86 /* Debug */,
				7D11738F1A49966C007A6B86 /* Release */,
			);
			defaultConfigurationIsVisible = 0;
			defaultConfigurationName = Release;
		};
		7D1173901A49966C007A6B86 /* Build configuration list for PBXNativeTarget "ArchitectureTemplate" */ = {
			isa = XCConfigurationList;
			buildConfigurations = (
				7D1173911A49966C007A6B86 /* Debug */,
				7D1173921A49966C007A6B86 /* Release */,
			);
			defaultConfigurationIsVisible = 0;
			defaultConfigurationName = Release;
		};
		7D1173931A49966C007A6B86 /* Build configuration list for PBXNativeTarget "ArchitectureTemplateTests" */ = {
			isa = XCConfigurationList;
			buildConfigurations = (
				7D1173941A49966C007A6B86 /* Debug */,
				7D1173951A49966C007A6B86 /* Release */,
			);
			defaultConfigurationIsVisible = 0;
			defaultConfigurationName = Release;
		};
/* End XCConfigurationList section */

/* Begin XCVersionGroup section */
		7D1173741A49966B007A6B86 /* ArchitectureTemplate.xcdatamodeld */ = {
			isa = XCVersionGroup;
			children = (
				7D1173751A49966B007A6B86 /* ArchitectureTemplate.xcdatamodel */,
			);
			currentVersion = 7D1173751A49966B007A6B86 /* ArchitectureTemplate.xcdatamodel */;
			path = ArchitectureTemplate.xcdatamodeld;
			sourceTree = "<group>";
			versionGroupType = wrapper.xcdatamodel;
		};
/* End XCVersionGroup section */
	};
	rootObject = 7D1173621A49966B007A6B86 /* Project object */;
}
